{
  "name": "taroai-workspace",
  "version": "0.1.0",
  "lockfileVersion": 3,
  "requires": true,
  "packages": {
    "": {
      "name": "taroai-workspace",
      "version": "0.1.0",
      "devDependencies": {
        "lucide": "1.26.0"
      }
    },
    "node_modules/lucide": {
      "version": "1.26.0",
      "resolved": "https://registry.npmjs.org/lucide/-/lucide-1.26.0.tgz",
      "integrity": "sha512-koKiuPC/3VLiIGY+hXn9pSurD4b54LgvkNqb9FjF8A4l5ftgRwFgmpPHoOnMLPbNj8oiDjMfMsnU3FITuxZ6Mw==",
      "dev": true,
      "license": "ISC"
    }
  }
}
